
Microsoft Visual Studio Solution File, Format Version 12.00
# Visual Studio Version 16
VisualStudioVersion = 16.0.30709.132
MinimumVisualStudioVersion = 10.0.40219.1
Project("{FAE04EC0-301F-11D3-BF4B-00C04F79EFBC}") = "virtualmlnet-hackathon2020-ml-core", "virtualmlnet-hackathon2020-ml-core\virtualmlnet-hackathon2020-ml-core.csproj", "{91AD49C2-EBC5-485C-BA97-F2BEF28452F1}"
EndProject
Global
	GlobalSection(SolutionConfigurationPlatforms) = preSolution
		Debug|Any CPU = Debug|Any CPU
		Release|Any CPU = Release|Any CPU
	EndGlobalSection
	GlobalSection(ProjectConfigurationPlatforms) = postSolution
		{91AD49C2-EBC5-485C-BA97-F2BEF28452F1}.Debug|Any CPU.ActiveCfg = Debug|Any CPU
		{91AD49C2-EBC5-485C-BA97-F2BEF28452F1}.Debug|Any CPU.Build.0 = Debug|Any CPU
		{91AD49C2-EBC5-485C-BA97-F2BEF28452F1}.Release|Any CPU.ActiveCfg = Release|Any CPU
		{91AD49C2-EBC5-485C-BA97-F2BEF28452F1}.Release|Any CPU.Build.0 = Release|Any CPU
	EndGlobalSection
	GlobalSection(SolutionProperties) = preSolution
		HideSolutionNode = FALSE
	EndGlobalSection
	GlobalSection(ExtensibilityGlobals) = postSolution
		SolutionGuid = {B5205AFB-8740-41FE-B754-1D05BA9F8D0B}
	EndGlobalSection
EndGlobal
